
Microsoft Visual Studio Solution File, Format Version 12.00
# Visual Studio Version 17
VisualStudioVersion = 17.7.34221.43
MinimumVisualStudioVersion = 10.0.40219.1
Project("{8BC9CEB8-8B4A-11D0-8D11-00A0C91BC942}") = "p25", "p25.vcxproj", "{DA48BA31-F0C0-410B-96EF-B80B43797448}"
EndProject
Global
	GlobalSection(SolutionConfigurationPlatforms) = preSolution
		Debug|x64 = Debug|x64
		Debug|x86 = Debug|x86
		Release|x64 = Release|x64
		Release|x86 = Release|x86
	EndGlobalSection
	GlobalSection(ProjectConfigurationPlatforms) = postSolution
		{DA48BA31-F0C0-410B-96EF-B80B43797448}.Debug|x64.ActiveCfg = Debug|x64
		{DA48BA31-F0C0-410B-96EF-B80B43797448}.Debug|x64.Build.0 = Debug|x64
		{DA48BA31-F0C0-410B-96EF-B80B43797448}.Debug|x86.ActiveCfg = Debug|Win32
		{DA48BA31-F0C0-410B-96EF-B80B43797448}.Debug|x86.Build.0 = Debug|Win32
		{DA48BA31-F0C0-410B-96EF-B80B43797448}.Release|x64.ActiveCfg = Release|x64
		{DA48BA31-F0C0-410B-96EF-B80B43797448}.Release|x64.Build.0 = Release|x64
		{DA48BA31-F0C0-410B-96EF-B80B43797448}.Release|x86.ActiveCfg = Release|Win32
		{DA48BA31-F0C0-410B-96EF-B80B43797448}.Release|x86.Build.0 = Release|Win32
	EndGlobalSection
	GlobalSection(SolutionProperties) = preSolution
		HideSolutionNode = FALSE
	EndGlobalSection
	GlobalSection(ExtensibilityGlobals) = postSolution
		SolutionGuid = {4A37E706-0782-474D-B02D-76C3605745D9}
	EndGlobalSection
EndGlobal
